// !$*UTF8*$!
{
	archiveVersion = 1;
	classes = {
	};
	objectVersion = 56;
	objects = {

/* Begin PBXBuildFile section */
		DEC977D32A68628000362BD4 /* AppDelegate.swift in Sources */ = {isa = PBXBuildFile; fileRef = DEC977D22A68628000362BD4 /* AppDelegate.swift */; };
		DEC977D52A68628000362BD4 /* SceneDelegate.swift in Sources */ = {isa = PBXBuildFile; fileRef = DEC977D42A68628000362BD4 /* SceneDelegate.swift */; };
		DEC977D72A68628000362BD4 /* ViewController.swift in Sources */ = {isa = PBXBuildFile; fileRef = DEC977D62A68628000362BD4 /* ViewController.swift */; };
		DEC977DA2A68628000362BD4 /* Main.storyboard in Resources */ = {isa = PBXBuildFile; fileRef = DEC977D82A68628000362BD4 /* Main.storyboard */; };
		DEC977DC2A6862A700362BD4 /* Assets.xcassets in Resources */ = {isa = PBXBuildFile; fileRef = DEC977DB2A6862A700362BD4 /* Assets.xcassets */; };
		DEC977DF2A6862A700362BD4 /* LaunchScreen.storyboard in Resources */ = {isa = PBXBuildFile; fileRef = DEC977DD2A6862A700362BD4 /* LaunchScreen.storyboard */; };
		DEC977EB2A686B0500362BD4 /* PokemonManager.swift in Sources */ = {isa = PBXBuildFile; fileRef = DEC977EA2A686B0500362BD4 /* PokemonManager.swift */; };
		DEC977ED2A696D2900362BD4 /* PokemonData.swift in Sources */ = {isa = PBXBuildFile; fileRef = DEC977EC2A696D2900362BD4 /* PokemonData.swift */; };
/* End PBXBuildFile section */

/* Begin PBXFileReference section */
		DEC977CF2A68628000362BD4 /* MyDex.app */ = {isa = PBXFileReference; explicitFileType = wrapper.application; includeInIndex = 0; path = MyDex.app; sourceTree = BUILT_PRODUCTS_DIR; };
		DEC977D22A68628000362BD4 /* AppDelegate.swift */ = {isa = PBXFileReference; lastKnownFileType = sourcecode.swift; path = AppDelegate.swift; sourceTree = "<group>"; };
		DEC977D42A68628000362BD4 /* SceneDelegate.swift */ = {isa = PBXFileReference; lastKnownFileType = sourcecode.swift; path = SceneDelegate.swift; sourceTree = "<group>"; };
		DEC977D62A68628000362BD4 /* ViewController.swift */ = {isa = PBXFileReference; lastKnownFileType = sourcecode.swift; path = ViewController.swift; sourceTree = "<group>"; };
		DEC977D92A68628000362BD4 /* Base */ = {isa = PBXFileReference; lastKnownFileType = file.storyboard; name = Base; path = Base.lproj/Main.storyboard; sourceTree = "<group>"; };
		DEC977DB2A6862A700362BD4 /* Assets.xcassets */ = {isa = PBXFileReference; lastKnownFileType = folder.assetcatalog; path = Assets.xcassets; sourceTree = "<group>"; };
		DEC977DE2A6862A700362BD4 /* Base */ = {isa = PBXFileReference; lastKnownFileType = file.storyboard; name = Base; path = Base.lproj/LaunchScreen.storyboard; sourceTree = "<group>"; };
		DEC977E02A6862A700362BD4 /* Info.plist */ = {isa = PBXFileReference; lastKnownFileType = text.plist.xml; path = Info.plist; sourceTree = "<group>"; };
		DEC977EA2A686B0500362BD4 /* PokemonManager.swift */ = {isa = PBXFileReference; lastKnownFileType = sourcecode.swift; path = PokemonManager.swift; sourceTree = "<group>"; };
		DEC977EC2A696D2900362BD4 /* PokemonData.swift */ = {isa = PBXFileReference; lastKnownFileType = sourcecode.swift; path = PokemonData.swift; sourceTree = "<group>"; };
/* End PBXFileReference section */

/* Begin PBXFrameworksBuildPhase section */
		DEC977CC2A68628000362BD4 /* Frameworks */ = {
			isa = PBXFrameworksBuildPhase;
			buildActionMask = 2147483647;
			files = (
			);
			runOnlyForDeploymentPostprocessing = 0;
		};
/* End PBXFrameworksBuildPhase section */

/* Begin PBXGroup section */
		DEC977C62A68627F00362BD4 = {
			isa = PBXGroup;
			children = (
				DEC977D12A68628000362BD4 /* MyDex */,
				DEC977D02A68628000362BD4 /* Products */,
			);
			sourceTree = "<group>";
		};
		DEC977D02A68628000362BD4 /* Products */ = {
			isa = PBXGroup;
			children = (
				DEC977CF2A68628000362BD4 /* MyDex.app */,
			);
			name = Products;
			sourceTree = "<group>";
		};
		DEC977D12A68628000362BD4 /* MyDex */ = {
			isa = PBXGroup;
			children = (
				DEC977E72A6862D300362BD4 /* Model */,
				DEC977E82A6862DB00362BD4 /* View */,
				DEC977E92A6862F200362BD4 /* Controller */,
				DEC977D22A68628000362BD4 /* AppDelegate.swift */,
				DEC977D42A68628000362BD4 /* SceneDelegate.swift */,
				DEC977DB2A6862A700362BD4 /* Assets.xcassets */,
				DEC977DD2A6862A700362BD4 /* LaunchScreen.storyboard */,
				DEC977E02A6862A700362BD4 /* Info.plist */,
			);
			path = MyDex;
			sourceTree = "<group>";
		};
		DEC977E72A6862D300362BD4 /* Model */ = {
			isa = PBXGroup;
			children = (
				DEC977EA2A686B0500362BD4 /* PokemonManager.swift */,
				DEC977EC2A696D2900362BD4 /* PokemonData.swift */,
			);
			path = Model;
			sourceTree = "<group>";
		};
		DEC977E82A6862DB00362BD4 /* View */ = {
			isa = PBXGroup;
			children = (
				DEC977D82A68628000362BD4 /* Main.storyboard */,
			);
			path = View;
			sourceTree = "<group>";
		};
		DEC977E92A6862F200362BD4 /* Controller */ = {
			isa = PBXGroup;
			children = (
				DEC977D62A68628000362BD4 /* ViewController.swift */,
			);
			path = Controller;
			sourceTree = "<group>";
		};
/* End PBXGroup section */

/* Begin PBXNativeTarget section */
		DEC977CE2A68628000362BD4 /* MyDex */ = {
			isa = PBXNativeTarget;
			buildConfigurationList = DEC977E32A6862A700362BD4 /* Build configuration list for PBXNativeTarget "MyDex" */;
			buildPhases = (
				DEC977CB2A68628000362BD4 /* Sources */,
				DEC977CC2A68628000362BD4 /* Frameworks */,
				DEC977CD2A68628000362BD4 /* Resources */,
			);
			buildRules = (
			);
			dependencies = (
			);
			name = MyDex;
			productName = MyDex;
			productReference = DEC977CF2A68628000362BD4 /* MyDex.app */;
			productType = "com.apple.product-type.application";
		};
/* End PBXNativeTarget section */

/* Begin PBXProject section */
		DEC977C72A68627F00362BD4 /* Project object */ = {
			isa = PBXProject;
			attributes = {
				BuildIndependentTargetsInParallel = 1;
				LastSwiftUpdateCheck = 1430;
				LastUpgradeCheck = 1430;
				TargetAttributes = {
					DEC977CE2A68628000362BD4 = {
						CreatedOnToolsVersion = 14.3.1;
					};
				};
			};
			buildConfigurationList = DEC977CA2A68627F00362BD4 /* Build configuration list for PBXProject "MyDex" */;
			compatibilityVersion = "Xcode 14.0";
			developmentRegion = en;
			hasScannedForEncodings = 0;
			knownRegions = (
				en,
				Base,
			);
			mainGroup = DEC977C62A68627F00362BD4;
			productRefGroup = DEC977D02A68628000362BD4 /* Products */;
			projectDirPath = "";
			projectRoot = "";
			targets = (
				DEC977CE2A68628000362BD4 /* MyDex */,
			);
		};
/* End PBXProject section */

/* Begin PBXResourcesBuildPhase section */
		DEC977CD2A68628000362BD4 /* Resources */ = {
			isa = PBXResourcesBuildPhase;
			buildActionMask = 2147483647;
			files = (
				DEC977DF2A6862A700362BD4 /* LaunchScreen.storyboard in Resources */,
				DEC977DC2A6862A700362BD4 /* Assets.xcassets in Resources */,
				DEC977DA2A68628000362BD4 /* Main.storyboard in Resources */,
			);
			runOnlyForDeploymentPostprocessing = 0;
		};
/* End PBXResourcesBuildPhase section */

/* Begin PBXSourcesBuildPhase section */
		DEC977CB2A68628000362BD4 /* Sources */ = {
			isa = PBXSourcesBuildPhase;
			buildActionMask = 2147483647;
			files = (
				DEC977D72A68628000362BD4 /* ViewController.swift in Sources */,
				DEC977D32A68628000362BD4 /* AppDelegate.swift in Sources */,
				DEC977D52A68628000362BD4 /* SceneDelegate.swift in Sources */,
				DEC977EB2A686B0500362BD4 /* PokemonManager.swift in Sources */,
				DEC977ED2A696D2900362BD4 /* PokemonData.swift in Sources */,
			);
			runOnlyForDeploymentPostprocessing = 0;
		};
/* End PBXSourcesBuildPhase section */

/* Begin PBXVariantGroup section */
		DEC977D82A68628000362BD4 /* Main.storyboard */ = {
			isa = PBXVariantGroup;
			children = (
				DEC977D92A68628000362BD4 /* Base */,
			);
			name = Main.storyboard;
			sourceTree = "<group>";
		};
		DEC977DD2A6862A700362BD4 /* LaunchScreen.storyboard */ = {
			isa = PBXVariantGroup;
			children = (
				DEC977DE2A6862A700362BD4 /* Base */,
			);
			name = LaunchScreen.storyboard;
			sourceTree = "<group>";
		};
/* End PBXVariantGroup section */

/* Begin XCBuildConfiguration section */
		DEC977E12A6862A700362BD4 /* Debug */ = {
			isa = XCBuildConfiguration;
			buildSettings = {
				ALWAYS_SEARCH_USER_PATHS = NO;
				CLANG_ANALYZER_NONNULL = YES;
				CLANG_ANALYZER_NUMBER_OBJECT_CONVERSION = YES_AGGRESSIVE;
				CLANG_CXX_LANGUAGE_STANDARD = "gnu++20";
				CLANG_ENABLE_MODULES = YES;
				CLANG_ENABLE_OBJC_ARC = YES;
				CLANG_ENABLE_OBJC_WEAK = YES;
				CLANG_WARN_BLOCK_CAPTURE_AUTORELEASING = YES;
				CLANG_WARN_BOOL_CONVERSION = YES;
				CLANG_WARN_COMMA = YES;
				CLANG_WARN_CONSTANT_CONVERSION = YES;
				CLANG_WARN_DEPRECATED_OBJC_IMPLEMENTATIONS = YES;
				CLANG_WARN_DIRECT_OBJC_ISA_USAGE = YES_ERROR;
				CLANG_WARN_DOCUMENTATION_COMMENTS = YES;
				CLANG_WARN_EMPTY_BODY = YES;
				CLANG_WARN_ENUM_CONVERSION = YES;
				CLANG_WARN_INFINITE_RECURSION = YES;
				CLANG_WARN_INT_CONVERSION = YES;
				CLANG_WARN_NON_LITERAL_NULL_CONVERSION = YES;
				CLANG_WARN_OBJC_IMPLICIT_RETAIN_SELF = YES;
				CLANG_WARN_OBJC_LITERAL_CONVERSION = YES;
				CLANG_WARN_OBJC_ROOT_CLASS = YES_ERROR;
				CLANG_WARN_QUOTED_INCLUDE_IN_FRAMEWORK_HEADER = YES;
				CLANG_WARN_RANGE_LOOP_ANALYSIS = YES;
				CLANG_WARN_STRICT_PROTOTYPES = YES;
				CLANG_WARN_SUSPICIOUS_MOVE = YES;
				CLANG_WARN_UNGUARDED_AVAILABILITY = YES_AGGRESSIVE;
				CLANG_WARN_UNREACHABLE_CODE = YES;
				CLANG_WARN__DUPLICATE_METHOD_MATCH = YES;
				COPY_PHASE_STRIP = NO;
				DEBUG_INFORMATION_FORMAT = dwarf;
				ENABLE_STRICT_OBJC_MSGSEND = YES;
				ENABLE_TESTABILITY = YES;
				GCC_C_LANGUAGE_STANDARD = gnu11;
				GCC_DYNAMIC_NO_PIC = NO;
				GCC_NO_COMMON_BLOCKS = YES;
				GCC_OPTIMIZATION_LEVEL = 0;
				GCC_PREPROCESSOR_DEFINITIONS = (
					"DEBUG=1",
					"$(inherited)",
				);
				GCC_WARN_64_TO_32_BIT_CONVERSION = YES;
				GCC_WARN_ABOUT_RETURN_TYPE = YES_ERROR;
				GCC_WARN_UNDECLARED_SELECTOR = YES;
				GCC_WARN_UNINITIALIZED_AUTOS = YES_AGGRESSIVE;
				GCC_WARN_UNUSED_FUNCTION = YES;
				GCC_WARN_UNUSED_VARIABLE = YES;
				IPHONEOS_DEPLOYMENT_TARGET = 16.4;
				MTL_ENABLE_DEBUG_INFO = INCLUDE_SOURCE;
				MTL_FAST_MATH = YES;
				ONLY_ACTIVE_ARCH = YES;
				SDKROOT = iphoneos;
				SWIFT_ACTIVE_COMPILATION_CONDITIONS = DEBUG;
				SWIFT_OPTIMIZATION_LEVEL = "-Onone";
			};
			name = Debug;
		};
		DEC977E22A6862A700362BD4 /* Release */ = {
			isa = XCBuildConfiguration;
			buildSettings = {
				ALWAYS_SEARCH_USER_PATHS = NO;
				CLANG_ANALYZER_NONNULL = YES;
				CLANG_ANALYZER_NUMBER_OBJECT_CONVERSION = YES_AGGRESSIVE;
				CLANG_CXX_LANGUAGE_STANDARD = "gnu++20";
				CLANG_ENABLE_MODULES = YES;
				CLANG_ENABLE_OBJC_ARC = YES;
				CLANG_ENABLE_OBJC_WEAK = YES;
				CLANG_WARN_BLOCK_CAPTURE_AUTORELEASING = YES;
				CLANG_WARN_BOOL_CONVERSION = YES;
				CLANG_WARN_COMMA = YES;
				CLANG_WARN_CONSTANT_CONVERSION = YES;
				CLANG_WARN_DEPRECATED_OBJC_IMPLEMENTATIONS = YES;
				CLANG_WARN_DIRECT_OBJC_ISA_USAGE = YES_ERROR;
				CLANG_WARN_DOCUMENTATION_COMMENTS = YES;
				CLANG_WARN_EMPTY_BODY = YES;
				CLANG_WARN_ENUM_CONVERSION = YES;
				CLANG_WARN_INFINITE_RECURSION = YES;
				CLANG_WARN_INT_CONVERSION = YES;
				CLANG_WARN_NON_LITERAL_NULL_CONVERSION = YES;
				CLANG_WARN_OBJC_IMPLICIT_RETAIN_SELF = YES;
				CLANG_WARN_OBJC_LITERAL_CONVERSION = YES;
				CLANG_WARN_OBJC_ROOT_CLASS = YES_ERROR;
				CLANG_WARN_QUOTED_INCLUDE_IN_FRAMEWORK_HEADER = YES;
				CLANG_WARN_RANGE_LOOP_ANALYSIS = YES;
				CLANG_WARN_STRICT_PROTOTYPES = YES;
				CLANG_WARN_SUSPICIOUS_MOVE = YES;
				CLANG_WARN_UNGUARDED_AVAILABILITY = YES_AGGRESSIVE;
				CLANG_WARN_UNREACHABLE_CODE = YES;
				CLANG_WARN__DUPLICATE_METHOD_MATCH = YES;
				COPY_PHASE_STRIP = NO;
				DEBUG_INFORMATION_FORMAT = "dwarf-with-dsym";
				ENABLE_NS_ASSERTIONS = NO;
				ENABLE_STRICT_OBJC_MSGSEND = YES;
				GCC_C_LANGUAGE_STANDARD = gnu11;
				GCC_NO_COMMON_BLOCKS = YES;
				GCC_WARN_64_TO_32_BIT_CONVERSION = YES;
				GCC_WARN_ABOUT_RETURN_TYPE = YES_ERROR;
				GCC_WARN_UNDECLARED_SELECTOR = YES;
				GCC_WARN_UNINITIALIZED_AUTOS = YES_AGGRESSIVE;
				GCC_WARN_UNUSED_FUNCTION = YES;
				GCC_WARN_UNUSED_VARIABLE = YES;
				IPHONEOS_DEPLOYMENT_TARGET = 16.4;
				MTL_ENABLE_DEBUG_INFO = NO;
				MTL_FAST_MATH = YES;
				SDKROOT = iphoneos;
				SWIFT_COMPILATION_MODE = wholemodule;
				SWIFT_OPTIMIZATION_LEVEL = "-O";
				VALIDATE_PRODUCT = YES;
			};
			name = Release;
		};
		DEC977E42A6862A700362BD4 /* Debug */ = {
			isa = XCBuildConfiguration;
			buildSettings = {
				ASSETCATALOG_COMPILER_APPICON_NAME = AppIcon;
				ASSETCATALOG_COMPILER_GLOBAL_ACCENT_COLOR_NAME = AccentColor;
				CODE_SIGN_STYLE = Automatic;
				CURRENT_PROJECT_VERSION = 1;
				DEVELOPMENT_TEAM = 5KCK8F47T3;
				GENERATE_INFOPLIST_FILE = YES;
				INFOPLIST_FILE = MyDex/Info.plist;
				INFOPLIST_KEY_UIApplicationSupportsIndirectInputEvents = YES;
				INFOPLIST_KEY_UILaunchStoryboardName = LaunchScreen;
				INFOPLIST_KEY_UIMainStoryboardFile = Main;
				INFOPLIST_KEY_UISupportedInterfaceOrientations_iPad = "UIInterfaceOrientationPortrait UIInterfaceOrientationPortraitUpsideDown UIInterfaceOrientationLandscapeLeft UIInterfaceOrientationLandscapeRight";
				INFOPLIST_KEY_UISupportedInterfaceOrientations_iPhone = "UIInterfaceOrientationPortrait UIInterfaceOrientationLandscapeLeft UIInterfaceOrientationLandscapeRight";
				LD_RUNPATH_SEARCH_PATHS = (
					"$(inherited)",
					"@executable_path/Frameworks",
				);
				MARKETING_VERSION = 1.0;
				PRODUCT_BUNDLE_IDENTIFIER = com.ailson.MyDex;
				PRODUCT_NAME = "$(TARGET_NAME)";
				SWIFT_EMIT_LOC_STRINGS = YES;
				SWIFT_VERSION = 5.0;
				TARGETED_DEVICE_FAMILY = "1,2";
			};
			name = Debug;
		};
		DEC977E52A6862A700362BD4 /* Release */ = {
			isa = XCBuildConfiguration;
			buildSettings = {
				ASSETCATALOG_COMPILER_APPICON_NAME = AppIcon;
				ASSETCATALOG_COMPILER_GLOBAL_ACCENT_COLOR_NAME = AccentColor;
				CODE_SIGN_STYLE = Automatic;
				CURRENT_PROJECT_VERSION = 1;
				DEVELOPMENT_TEAM = 5KCK8F47T3;
				GENERATE_INFOPLIST_FILE = YES;
				INFOPLIST_FILE = MyDex/Info.plist;
				INFOPLIST_KEY_UIApplicationSupportsIndirectInputEvents = YES;
				INFOPLIST_KEY_UILaunchStoryboardName = LaunchScreen;
				INFOPLIST_KEY_UIMainStoryboardFile = Main;
				INFOPLIST_KEY_UISupportedInterfaceOrientations_iPad = "UIInterfaceOrientationPortrait UIInterfaceOrientationPortraitUpsideDown UIInterfaceOrientationLandscapeLeft UIInterfaceOrientationLandscapeRight";
				INFOPLIST_KEY_UISupportedInterfaceOrientations_iPhone = "UIInterfaceOrientationPortrait UIInterfaceOrientationLandscapeLeft UIInterfaceOrientationLandscapeRight";
				LD_RUNPATH_SEARCH_PATHS = (
					"$(inherited)",
					"@executable_path/Frameworks",
				);
				MARKETING_VERSION = 1.0;
				PRODUCT_BUNDLE_IDENTIFIER = com.ailson.MyDex;
				PRODUCT_NAME = "$(TARGET_NAME)";
				SWIFT_EMIT_LOC_STRINGS = YES;
				SWIFT_VERSION = 5.0;
				TARGETED_DEVICE_FAMILY = "1,2";
			};
			name = Release;
		};
/* End XCBuildConfiguration section */

/* Begin XCConfigurationList section */
		DEC977CA2A68627F00362BD4 /* Build configuration list for PBXProject "MyDex" */ = {
			isa = XCConfigurationList;
			buildConfigurations = (
				DEC977E12A6862A700362BD4 /* Debug */,
				DEC977E22A6862A700362BD4 /* Release */,
			);
			defaultConfigurationIsVisible = 0;
			defaultConfigurationName = Release;
		};
		DEC977E32A6862A700362BD4 /* Build configuration list for PBXNativeTarget "MyDex" */ = {
			isa = XCConfigurationList;
			buildConfigurations = (
				DEC977E42A6862A700362BD4 /* Debug */,
				DEC977E52A6862A700362BD4 /* Release */,
			);
			defaultConfigurationIsVisible = 0;
			defaultConfigurationName = Release;
		};
/* End XCConfigurationList section */
	};
	rootObject = DEC977C72A68627F00362BD4 /* Project object */;
}
